
Microsoft Visual Studio Solution File, Format Version 12.00
# Visual Studio Version 17
VisualStudioVersion = 17.6.33723.286
MinimumVisualStudioVersion = 10.0.40219.1
Project("{FAE04EC0-301F-11D3-BF4B-00C04F79EFBC}") = "Redis.InMemory.WebUI", "Redis.InMemory.WebUI\Redis.InMemory.WebUI.csproj", "{98C03A83-6453-4453-8AA2-C3832AB41D4A}"
EndProject
Global
	GlobalSection(SolutionConfigurationPlatforms) = preSolution
		Debug|Any CPU = Debug|Any CPU
		Release|Any CPU = Release|Any CPU
	EndGlobalSection
	GlobalSection(ProjectConfigurationPlatforms) = postSolution
		{98C03A83-6453-4453-8AA2-C3832AB41D4A}.Debug|Any CPU.ActiveCfg = Debug|Any CPU
		{98C03A83-6453-4453-8AA2-C3832AB41D4A}.Debug|Any CPU.Build.0 = Debug|Any CPU
		{98C03A83-6453-4453-8AA2-C3832AB41D4A}.Release|Any CPU.ActiveCfg = Release|Any CPU
		{98C03A83-6453-4453-8AA2-C3832AB41D4A}.Release|Any CPU.Build.0 = Release|Any CPU
	EndGlobalSection
	GlobalSection(SolutionProperties) = preSolution
		HideSolutionNode = FALSE
	EndGlobalSection
	GlobalSection(ExtensibilityGlobals) = postSolution
		SolutionGuid = {7059C11A-9012-4FFB-8717-A7A4DD144A6C}
	EndGlobalSection
EndGlobal
